
Microsoft Visual Studio Solution File, Format Version 12.00
# Visual Studio Version 17
VisualStudioVersion = 17.5.33530.505
MinimumVisualStudioVersion = 10.0.40219.1
Project("{FAE04EC0-301F-11D3-BF4B-00C04F79EFBC}") = "WindowsFormsApp1", "WindowsFormsApp1\WindowsFormsApp1.csproj", "{B7AD8C77-C507-4F42-AF0A-0820D6EAAD5D}"
EndProject
Global
	GlobalSection(SolutionConfigurationPlatforms) = preSolution
		Debug|Any CPU = Debug|Any CPU
		Release|Any CPU = Release|Any CPU
	EndGlobalSection
	GlobalSection(ProjectConfigurationPlatforms) = postSolution
		{B7AD8C77-C507-4F42-AF0A-0820D6EAAD5D}.Debug|Any CPU.ActiveCfg = Debug|Any CPU
		{B7AD8C77-C507-4F42-AF0A-0820D6EAAD5D}.Debug|Any CPU.Build.0 = Debug|Any CPU
		{B7AD8C77-C507-4F42-AF0A-0820D6EAAD5D}.Release|Any CPU.ActiveCfg = Release|Any CPU
		{B7AD8C77-C507-4F42-AF0A-0820D6EAAD5D}.Release|Any CPU.Build.0 = Release|Any CPU
	EndGlobalSection
	GlobalSection(SolutionProperties) = preSolution
		HideSolutionNode = FALSE
	EndGlobalSection
	GlobalSection(ExtensibilityGlobals) = postSolution
		SolutionGuid = {E1F1F988-38A9-4451-8784-9B7F1AB27B05}
	EndGlobalSection
EndGlobal
